// !$*UTF8*$!
{
	archiveVersion = 1;
	classes = {
	};
	objectVersion = 56;
	objects = {

/* Begin PBXBuildFile section */
		880068A92C44016C00078E4C /* WeatherMainViewModel.swift in Sources */ = {isa = PBXBuildFile; fileRef = 880068A82C44016C00078E4C /* WeatherMainViewModel.swift */; };
		880068AB2C44031500078E4C /* HashableWeather.swift in Sources */ = {isa = PBXBuildFile; fileRef = 880068AA2C44031500078E4C /* HashableWeather.swift */; };
		883084462C43A88400172010 /* WeatherMainHeaderView.swift in Sources */ = {isa = PBXBuildFile; fileRef = 883084452C43A88400172010 /* WeatherMainHeaderView.swift */; };
		883084482C43A89900172010 /* BaseView.swift in Sources */ = {isa = PBXBuildFile; fileRef = 883084472C43A89900172010 /* BaseView.swift */; };
		8830844A2C43B13600172010 /* HourCastCollectionViewCell.swift in Sources */ = {isa = PBXBuildFile; fileRef = 883084492C43B13600172010 /* HourCastCollectionViewCell.swift */; };
		8830844C2C43B1BE00172010 /* TitleSupplementaryView.swift in Sources */ = {isa = PBXBuildFile; fileRef = 8830844B2C43B1BE00172010 /* TitleSupplementaryView.swift */; };
		8830844E2C43B63200172010 /* BaseCollectionViewCell.swift in Sources */ = {isa = PBXBuildFile; fileRef = 8830844D2C43B63200172010 /* BaseCollectionViewCell.swift */; };
		883084502C43C11E00172010 /* WeekCastCollectionViewCell.swift in Sources */ = {isa = PBXBuildFile; fileRef = 8830844F2C43C11E00172010 /* WeekCastCollectionViewCell.swift */; };
		883084522C43DF4000172010 /* LocationCollectionViewCell.swift in Sources */ = {isa = PBXBuildFile; fileRef = 883084512C43DF4000172010 /* LocationCollectionViewCell.swift */; };
		883084542C43E7FB00172010 /* DetailCollectionViewCell.swift in Sources */ = {isa = PBXBuildFile; fileRef = 883084532C43E7FB00172010 /* DetailCollectionViewCell.swift */; };
		883084582C43F08000172010 /* APIManager.swift in Sources */ = {isa = PBXBuildFile; fileRef = 883084572C43F08000172010 /* APIManager.swift */; };
		8830845B2C43F17F00172010 /* Weather.swift in Sources */ = {isa = PBXBuildFile; fileRef = 8830845A2C43F17F00172010 /* Weather.swift */; };
		8866C6A62C4295A500BAA794 /* AppDelegate.swift in Sources */ = {isa = PBXBuildFile; fileRef = 8866C6A52C4295A500BAA794 /* AppDelegate.swift */; };
		8866C6A82C4295A500BAA794 /* SceneDelegate.swift in Sources */ = {isa = PBXBuildFile; fileRef = 8866C6A72C4295A500BAA794 /* SceneDelegate.swift */; };
		8866C6AA2C4295A500BAA794 /* WeatherMainViewController.swift in Sources */ = {isa = PBXBuildFile; fileRef = 8866C6A92C4295A500BAA794 /* WeatherMainViewController.swift */; };
		8866C6AF2C4295A600BAA794 /* Assets.xcassets in Resources */ = {isa = PBXBuildFile; fileRef = 8866C6AE2C4295A600BAA794 /* Assets.xcassets */; };
		8866C6B22C4295A600BAA794 /* Base in Resources */ = {isa = PBXBuildFile; fileRef = 8866C6B12C4295A600BAA794 /* Base */; };
		8866C6BA2C4297AC00BAA794 /* .gitignore in Resources */ = {isa = PBXBuildFile; fileRef = 8866C6B92C4297AC00BAA794 /* .gitignore */; };
		8866C6BE2C42985300BAA794 /* APIKey.swift in Sources */ = {isa = PBXBuildFile; fileRef = 8866C6BD2C42985300BAA794 /* APIKey.swift */; };
		8866C6C02C4298A900BAA794 /* CitySearchViewController.swift in Sources */ = {isa = PBXBuildFile; fileRef = 8866C6BF2C4298A900BAA794 /* CitySearchViewController.swift */; };
		8866C6C22C4298BE00BAA794 /* MapViewController.swift in Sources */ = {isa = PBXBuildFile; fileRef = 8866C6C12C4298BE00BAA794 /* MapViewController.swift */; };
		8866C6C42C42992B00BAA794 /* BaseViewController.swift in Sources */ = {isa = PBXBuildFile; fileRef = 8866C6C32C42992B00BAA794 /* BaseViewController.swift */; };
		8866C6CC2C429F2500BAA794 /* Alamofire in Frameworks */ = {isa = PBXBuildFile; productRef = 8866C6CB2C429F2500BAA794 /* Alamofire */; };
		8866C6CF2C429F3200BAA794 /* SnapKit in Frameworks */ = {isa = PBXBuildFile; productRef = 8866C6CE2C429F3200BAA794 /* SnapKit */; };
		8866C6D12C429F7400BAA794 /* CityList.json in Resources */ = {isa = PBXBuildFile; fileRef = 8866C6D02C429F7400BAA794 /* CityList.json */; };
		8866C6D32C42A01400BAA794 /* CityTableViewCell.swift in Sources */ = {isa = PBXBuildFile; fileRef = 8866C6D22C42A01400BAA794 /* CityTableViewCell.swift */; };
		8866C6D62C42A02A00BAA794 /* BaseTableViewCell.swift in Sources */ = {isa = PBXBuildFile; fileRef = 8866C6D52C42A02A00BAA794 /* BaseTableViewCell.swift */; };
		8866C6D82C42A12500BAA794 /* ReusableProtocol.swift in Sources */ = {isa = PBXBuildFile; fileRef = 8866C6D72C42A12500BAA794 /* ReusableProtocol.swift */; };
		8866C6DB2C42A17C00BAA794 /* Design.swift in Sources */ = {isa = PBXBuildFile; fileRef = 8866C6DA2C42A17C00BAA794 /* Design.swift */; };
		8866C6DD2C42A96500BAA794 /* City.swift in Sources */ = {isa = PBXBuildFile; fileRef = 8866C6DC2C42A96500BAA794 /* City.swift */; };
		8866C6E12C42B37800BAA794 /* Error.swift in Sources */ = {isa = PBXBuildFile; fileRef = 8866C6E02C42B37800BAA794 /* Error.swift */; };
		8866C6E52C42B58F00BAA794 /* RxCocoa in Frameworks */ = {isa = PBXBuildFile; productRef = 8866C6E42C42B58F00BAA794 /* RxCocoa */; };
		8866C6E72C42B5C400BAA794 /* CitySearchViewModel.swift in Sources */ = {isa = PBXBuildFile; fileRef = 8866C6E62C42B5C400BAA794 /* CitySearchViewModel.swift */; };
		886F2CFC2C44F7D6006E7615 /* CObservable.swift in Sources */ = {isa = PBXBuildFile; fileRef = 886F2CFB2C44F7D6006E7615 /* CObservable.swift */; };
		886F2CFF2C450AA1006E7615 /* Kingfisher in Frameworks */ = {isa = PBXBuildFile; productRef = 886F2CFE2C450AA1006E7615 /* Kingfisher */; };
/* End PBXBuildFile section */

/* Begin PBXFileReference section */
		880068A82C44016C00078E4C /* WeatherMainViewModel.swift */ = {isa = PBXFileReference; lastKnownFileType = sourcecode.swift; path = WeatherMainViewModel.swift; sourceTree = "<group>"; };
		880068AA2C44031500078E4C /* HashableWeather.swift */ = {isa = PBXFileReference; lastKnownFileType = sourcecode.swift; path = HashableWeather.swift; sourceTree = "<group>"; };
		883084452C43A88400172010 /* WeatherMainHeaderView.swift */ = {isa = PBXFileReference; lastKnownFileType = sourcecode.swift; path = WeatherMainHeaderView.swift; sourceTree = "<group>"; };
		883084472C43A89900172010 /* BaseView.swift */ = {isa = PBXFileReference; lastKnownFileType = sourcecode.swift; path = BaseView.swift; sourceTree = "<group>"; };
		883084492C43B13600172010 /* HourCastCollectionViewCell.swift */ = {isa = PBXFileReference; lastKnownFileType = sourcecode.swift; path = HourCastCollectionViewCell.swift; sourceTree = "<group>"; };
		8830844B2C43B1BE00172010 /* TitleSupplementaryView.swift */ = {isa = PBXFileReference; lastKnownFileType = sourcecode.swift; path = TitleSupplementaryView.swift; sourceTree = "<group>"; };
		8830844D2C43B63200172010 /* BaseCollectionViewCell.swift */ = {isa = PBXFileReference; lastKnownFileType = sourcecode.swift; path = BaseCollectionViewCell.swift; sourceTree = "<group>"; };
		8830844F2C43C11E00172010 /* WeekCastCollectionViewCell.swift */ = {isa = PBXFileReference; lastKnownFileType = sourcecode.swift; path = WeekCastCollectionViewCell.swift; sourceTree = "<group>"; };
		883084512C43DF4000172010 /* LocationCollectionViewCell.swift */ = {isa = PBXFileReference; lastKnownFileType = sourcecode.swift; path = LocationCollectionViewCell.swift; sourceTree = "<group>"; };
		883084532C43E7FB00172010 /* DetailCollectionViewCell.swift */ = {isa = PBXFileReference; lastKnownFileType = sourcecode.swift; path = DetailCollectionViewCell.swift; sourceTree = "<group>"; };
		883084572C43F08000172010 /* APIManager.swift */ = {isa = PBXFileReference; lastKnownFileType = sourcecode.swift; path = APIManager.swift; sourceTree = "<group>"; };
		8830845A2C43F17F00172010 /* Weather.swift */ = {isa = PBXFileReference; lastKnownFileType = sourcecode.swift; path = Weather.swift; sourceTree = "<group>"; };
		8866C6A22C4295A500BAA794 /* NalSee.app */ = {isa = PBXFileReference; explicitFileType = wrapper.application; includeInIndex = 0; path = NalSee.app; sourceTree = BUILT_PRODUCTS_DIR; };
		8866C6A52C4295A500BAA794 /* AppDelegate.swift */ = {isa = PBXFileReference; lastKnownFileType = sourcecode.swift; path = AppDelegate.swift; sourceTree = "<group>"; };
		8866C6A72C4295A500BAA794 /* SceneDelegate.swift */ = {isa = PBXFileReference; lastKnownFileType = sourcecode.swift; path = SceneDelegate.swift; sourceTree = "<group>"; };
		8866C6A92C4295A500BAA794 /* WeatherMainViewController.swift */ = {isa = PBXFileReference; lastKnownFileType = sourcecode.swift; path = WeatherMainViewController.swift; sourceTree = "<group>"; };
		8866C6AE2C4295A600BAA794 /* Assets.xcassets */ = {isa = PBXFileReference; lastKnownFileType = folder.assetcatalog; path = Assets.xcassets; sourceTree = "<group>"; };
		8866C6B12C4295A600BAA794 /* Base */ = {isa = PBXFileReference; lastKnownFileType = file.storyboard; name = Base; path = Base.lproj/LaunchScreen.storyboard; sourceTree = "<group>"; };
		8866C6B32C4295A600BAA794 /* Info.plist */ = {isa = PBXFileReference; lastKnownFileType = text.plist.xml; path = Info.plist; sourceTree = "<group>"; };
		8866C6B92C4297AC00BAA794 /* .gitignore */ = {isa = PBXFileReference; lastKnownFileType = text; path = .gitignore; sourceTree = "<group>"; };
		8866C6BD2C42985300BAA794 /* APIKey.swift */ = {isa = PBXFileReference; lastKnownFileType = sourcecode.swift; path = APIKey.swift; sourceTree = "<group>"; };
		8866C6BF2C4298A900BAA794 /* CitySearchViewController.swift */ = {isa = PBXFileReference; lastKnownFileType = sourcecode.swift; path = CitySearchViewController.swift; sourceTree = "<group>"; };
		8866C6C12C4298BE00BAA794 /* MapViewController.swift */ = {isa = PBXFileReference; lastKnownFileType = sourcecode.swift; path = MapViewController.swift; sourceTree = "<group>"; };
		8866C6C32C42992B00BAA794 /* BaseViewController.swift */ = {isa = PBXFileReference; lastKnownFileType = sourcecode.swift; path = BaseViewController.swift; sourceTree = "<group>"; };
		8866C6D02C429F7400BAA794 /* CityList.json */ = {isa = PBXFileReference; fileEncoding = 4; lastKnownFileType = text.json; path = CityList.json; sourceTree = "<group>"; };
		8866C6D22C42A01400BAA794 /* CityTableViewCell.swift */ = {isa = PBXFileReference; lastKnownFileType = sourcecode.swift; path = CityTableViewCell.swift; sourceTree = "<group>"; };
		8866C6D52C42A02A00BAA794 /* BaseTableViewCell.swift */ = {isa = PBXFileReference; lastKnownFileType = sourcecode.swift; path = BaseTableViewCell.swift; sourceTree = "<group>"; };
		8866C6D72C42A12500BAA794 /* ReusableProtocol.swift */ = {isa = PBXFileReference; lastKnownFileType = sourcecode.swift; path = ReusableProtocol.swift; sourceTree = "<group>"; };
		8866C6DA2C42A17C00BAA794 /* Design.swift */ = {isa = PBXFileReference; lastKnownFileType = sourcecode.swift; path = Design.swift; sourceTree = "<group>"; };
		8866C6DC2C42A96500BAA794 /* City.swift */ = {isa = PBXFileReference; lastKnownFileType = sourcecode.swift; path = City.swift; sourceTree = "<group>"; };
		8866C6E02C42B37800BAA794 /* Error.swift */ = {isa = PBXFileReference; lastKnownFileType = sourcecode.swift; path = Error.swift; sourceTree = "<group>"; };
		8866C6E62C42B5C400BAA794 /* CitySearchViewModel.swift */ = {isa = PBXFileReference; lastKnownFileType = sourcecode.swift; path = CitySearchViewModel.swift; sourceTree = "<group>"; };
		886F2CFB2C44F7D6006E7615 /* CObservable.swift */ = {isa = PBXFileReference; lastKnownFileType = sourcecode.swift; path = CObservable.swift; sourceTree = "<group>"; };
/* End PBXFileReference section */

/* Begin PBXFrameworksBuildPhase section */
		8866C69F2C4295A500BAA794 /* Frameworks */ = {
			isa = PBXFrameworksBuildPhase;
			buildActionMask = 2147483647;
			files = (
				886F2CFF2C450AA1006E7615 /* Kingfisher in Frameworks */,
				8866C6E52C42B58F00BAA794 /* RxCocoa in Frameworks */,
				8866C6CC2C429F2500BAA794 /* Alamofire in Frameworks */,
				8866C6CF2C429F3200BAA794 /* SnapKit in Frameworks */,
			);
			runOnlyForDeploymentPostprocessing = 0;
		};
/* End PBXFrameworksBuildPhase section */

/* Begin PBXGroup section */
		883084442C43A87700172010 /* CustomView */ = {
			isa = PBXGroup;
			children = (
				883084452C43A88400172010 /* WeatherMainHeaderView.swift */,
				8830844B2C43B1BE00172010 /* TitleSupplementaryView.swift */,
			);
			path = CustomView;
			sourceTree = "<group>";
		};
		883084562C43F03000172010 /* API */ = {
			isa = PBXGroup;
			children = (
				883084572C43F08000172010 /* APIManager.swift */,
			);
			path = API;
			sourceTree = "<group>";
		};
		8866C6992C4295A500BAA794 = {
			isa = PBXGroup;
			children = (
				8866C6B92C4297AC00BAA794 /* .gitignore */,
				8866C6A42C4295A500BAA794 /* NalSee */,
				8866C6A32C4295A500BAA794 /* Products */,
			);
			sourceTree = "<group>";
		};
		8866C6A32C4295A500BAA794 /* Products */ = {
			isa = PBXGroup;
			children = (
				8866C6A22C4295A500BAA794 /* NalSee.app */,
			);
			name = Products;
			sourceTree = "<group>";
		};
		8866C6A42C4295A500BAA794 /* NalSee */ = {
			isa = PBXGroup;
			children = (
				8866C6D02C429F7400BAA794 /* CityList.json */,
				883084562C43F03000172010 /* API */,
				883084442C43A87700172010 /* CustomView */,
				8866C6E22C42B47100BAA794 /* ViewModel */,
				8866C6DF2C42B36B00BAA794 /* Constant */,
				8866C6DE2C42B36500BAA794 /* Model */,
				8866C6D92C42A16F00BAA794 /* Protocol */,
				8866C6D42C42A01800BAA794 /* Cell */,
				8866C6C92C429EFD00BAA794 /* TabBar */,
				8866C6C82C429EF300BAA794 /* Base */,
				8866C6C52C429B0700BAA794 /* ViewController */,
				8866C6A52C4295A500BAA794 /* AppDelegate.swift */,
				8866C6A72C4295A500BAA794 /* SceneDelegate.swift */,
				8866C6AE2C4295A600BAA794 /* Assets.xcassets */,
				8866C6B02C4295A600BAA794 /* LaunchScreen.storyboard */,
				8866C6B32C4295A600BAA794 /* Info.plist */,
				8866C6BD2C42985300BAA794 /* APIKey.swift */,
				886F2CFB2C44F7D6006E7615 /* CObservable.swift */,
			);
			path = NalSee;
			sourceTree = "<group>";
		};
		8866C6C52C429B0700BAA794 /* ViewController */ = {
			isa = PBXGroup;
			children = (
				8866C6A92C4295A500BAA794 /* WeatherMainViewController.swift */,
				8866C6BF2C4298A900BAA794 /* CitySearchViewController.swift */,
				8866C6C12C4298BE00BAA794 /* MapViewController.swift */,
			);
			path = ViewController;
			sourceTree = "<group>";
		};
		8866C6C82C429EF300BAA794 /* Base */ = {
			isa = PBXGroup;
			children = (
				8866C6C32C42992B00BAA794 /* BaseViewController.swift */,
				8866C6D52C42A02A00BAA794 /* BaseTableViewCell.swift */,
				883084472C43A89900172010 /* BaseView.swift */,
				8830844D2C43B63200172010 /* BaseCollectionViewCell.swift */,
			);
			path = Base;
			sourceTree = "<group>";
		};
		8866C6C92C429EFD00BAA794 /* TabBar */ = {
			isa = PBXGroup;
			children = (
			);
			path = TabBar;
			sourceTree = "<group>";
		};
		8866C6D42C42A01800BAA794 /* Cell */ = {
			isa = PBXGroup;
			children = (
				8866C6D22C42A01400BAA794 /* CityTableViewCell.swift */,
				883084492C43B13600172010 /* HourCastCollectionViewCell.swift */,
				8830844F2C43C11E00172010 /* WeekCastCollectionViewCell.swift */,
				883084512C43DF4000172010 /* LocationCollectionViewCell.swift */,
				883084532C43E7FB00172010 /* DetailCollectionViewCell.swift */,
			);
			path = Cell;
			sourceTree = "<group>";
		};
		8866C6D92C42A16F00BAA794 /* Protocol */ = {
			isa = PBXGroup;
			children = (
				8866C6D72C42A12500BAA794 /* ReusableProtocol.swift */,
			);
			path = Protocol;
			sourceTree = "<group>";
		};
		8866C6DE2C42B36500BAA794 /* Model */ = {
			isa = PBXGroup;
			children = (
				8866C6DC2C42A96500BAA794 /* City.swift */,
				8830845A2C43F17F00172010 /* Weather.swift */,
				880068AA2C44031500078E4C /* HashableWeather.swift */,
			);
			path = Model;
			sourceTree = "<group>";
		};
		8866C6DF2C42B36B00BAA794 /* Constant */ = {
			isa = PBXGroup;
			children = (
				8866C6DA2C42A17C00BAA794 /* Design.swift */,
				8866C6E02C42B37800BAA794 /* Error.swift */,
			);
			path = Constant;
			sourceTree = "<group>";
		};
		8866C6E22C42B47100BAA794 /* ViewModel */ = {
			isa = PBXGroup;
			children = (
				8866C6E62C42B5C400BAA794 /* CitySearchViewModel.swift */,
				880068A82C44016C00078E4C /* WeatherMainViewModel.swift */,
			);
			path = ViewModel;
			sourceTree = "<group>";
		};
/* End PBXGroup section */

/* Begin PBXNativeTarget section */
		8866C6A12C4295A500BAA794 /* NalSee */ = {
			isa = PBXNativeTarget;
			buildConfigurationList = 8866C6B62C4295A600BAA794 /* Build configuration list for PBXNativeTarget "NalSee" */;
			buildPhases = (
				8866C69E2C4295A500BAA794 /* Sources */,
				8866C69F2C4295A500BAA794 /* Frameworks */,
				8866C6A02C4295A500BAA794 /* Resources */,
			);
			buildRules = (
			);
			dependencies = (
			);
			name = NalSee;
			packageProductDependencies = (
				8866C6CB2C429F2500BAA794 /* Alamofire */,
				8866C6CE2C429F3200BAA794 /* SnapKit */,
				8866C6E42C42B58F00BAA794 /* RxCocoa */,
				886F2CFE2C450AA1006E7615 /* Kingfisher */,
			);
			productName = NalSee;
			productReference = 8866C6A22C4295A500BAA794 /* NalSee.app */;
			productType = "com.apple.product-type.application";
		};
/* End PBXNativeTarget section */

/* Begin PBXProject section */
		8866C69A2C4295A500BAA794 /* Project object */ = {
			isa = PBXProject;
			attributes = {
				BuildIndependentTargetsInParallel = 1;
				LastSwiftUpdateCheck = 1540;
				LastUpgradeCheck = 1540;
				TargetAttributes = {
					8866C6A12C4295A500BAA794 = {
						CreatedOnToolsVersion = 15.4;
					};
				};
			};
			buildConfigurationList = 8866C69D2C4295A500BAA794 /* Build configuration list for PBXProject "NalSee" */;
			compatibilityVersion = "Xcode 14.0";
			developmentRegion = en;
			hasScannedForEncodings = 0;
			knownRegions = (
				en,
				Base,
			);
			mainGroup = 8866C6992C4295A500BAA794;
			packageReferences = (
				8866C6CA2C429F2500BAA794 /* XCRemoteSwiftPackageReference "Alamofire" */,
				8866C6CD2C429F3200BAA794 /* XCRemoteSwiftPackageReference "SnapKit" */,
				8866C6E32C42B58F00BAA794 /* XCRemoteSwiftPackageReference "RxSwift" */,
				886F2CFD2C450AA1006E7615 /* XCRemoteSwiftPackageReference "Kingfisher" */,
			);
			productRefGroup = 8866C6A32C4295A500BAA794 /* Products */;
			projectDirPath = "";
			projectRoot = "";
			targets = (
				8866C6A12C4295A500BAA794 /* NalSee */,
			);
		};
/* End PBXProject section */

/* Begin PBXResourcesBuildPhase section */
		8866C6A02C4295A500BAA794 /* Resources */ = {
			isa = PBXResourcesBuildPhase;
			buildActionMask = 2147483647;
			files = (
				8866C6AF2C4295A600BAA794 /* Assets.xcassets in Resources */,
				8866C6BA2C4297AC00BAA794 /* .gitignore in Resources */,
				8866C6D12C429F7400BAA794 /* CityList.json in Resources */,
				8866C6B22C4295A600BAA794 /* Base in Resources */,
			);
			runOnlyForDeploymentPostprocessing = 0;
		};
/* End PBXResourcesBuildPhase section */

/* Begin PBXSourcesBuildPhase section */
		8866C69E2C4295A500BAA794 /* Sources */ = {
			isa = PBXSourcesBuildPhase;
			buildActionMask = 2147483647;
			files = (
				883084582C43F08000172010 /* APIManager.swift in Sources */,
				883084502C43C11E00172010 /* WeekCastCollectionViewCell.swift in Sources */,
				8866C6D32C42A01400BAA794 /* CityTableViewCell.swift in Sources */,
				883084522C43DF4000172010 /* LocationCollectionViewCell.swift in Sources */,
				8866C6AA2C4295A500BAA794 /* WeatherMainViewController.swift in Sources */,
				883084482C43A89900172010 /* BaseView.swift in Sources */,
				880068AB2C44031500078E4C /* HashableWeather.swift in Sources */,
				8866C6C22C4298BE00BAA794 /* MapViewController.swift in Sources */,
				8830844E2C43B63200172010 /* BaseCollectionViewCell.swift in Sources */,
				8866C6A62C4295A500BAA794 /* AppDelegate.swift in Sources */,
				8866C6C02C4298A900BAA794 /* CitySearchViewController.swift in Sources */,
				8866C6D82C42A12500BAA794 /* ReusableProtocol.swift in Sources */,
				880068A92C44016C00078E4C /* WeatherMainViewModel.swift in Sources */,
				883084542C43E7FB00172010 /* DetailCollectionViewCell.swift in Sources */,
				8866C6BE2C42985300BAA794 /* APIKey.swift in Sources */,
				8830845B2C43F17F00172010 /* Weather.swift in Sources */,
				8866C6E72C42B5C400BAA794 /* CitySearchViewModel.swift in Sources */,
				8866C6C42C42992B00BAA794 /* BaseViewController.swift in Sources */,
				8830844C2C43B1BE00172010 /* TitleSupplementaryView.swift in Sources */,
				8866C6DB2C42A17C00BAA794 /* Design.swift in Sources */,
				8866C6D62C42A02A00BAA794 /* BaseTableViewCell.swift in Sources */,
				8866C6DD2C42A96500BAA794 /* City.swift in Sources */,
				8866C6E12C42B37800BAA794 /* Error.swift in Sources */,
				886F2CFC2C44F7D6006E7615 /* CObservable.swift in Sources */,
				8866C6A82C4295A500BAA794 /* SceneDelegate.swift in Sources */,
				8830844A2C43B13600172010 /* HourCastCollectionViewCell.swift in Sources */,
				883084462C43A88400172010 /* WeatherMainHeaderView.swift in Sources */,
			);
			runOnlyForDeploymentPostprocessing = 0;
		};
/* End PBXSourcesBuildPhase section */

/* Begin PBXVariantGroup section */
		8866C6B02C4295A600BAA794 /* LaunchScreen.storyboard */ = {
			isa = PBXVariantGroup;
			children = (
				8866C6B12C4295A600BAA794 /* Base */,
			);
			name = LaunchScreen.storyboard;
			sourceTree = "<group>";
		};
/* End PBXVariantGroup section */

/* Begin XCBuildConfiguration section */
		8866C6B42C4295A600BAA794 /* Debug */ = {
			isa = XCBuildConfiguration;
			buildSettings = {
				ALWAYS_SEARCH_USER_PATHS = NO;
				ASSETCATALOG_COMPILER_GENERATE_SWIFT_ASSET_SYMBOL_EXTENSIONS = YES;
				CLANG_ANALYZER_NONNULL = YES;
				CLANG_ANALYZER_NUMBER_OBJECT_CONVERSION = YES_AGGRESSIVE;
				CLANG_CXX_LANGUAGE_STANDARD = "gnu++20";
				CLANG_ENABLE_MODULES = YES;
				CLANG_ENABLE_OBJC_ARC = YES;
				CLANG_ENABLE_OBJC_WEAK = YES;
				CLANG_WARN_BLOCK_CAPTURE_AUTORELEASING = YES;
				CLANG_WARN_BOOL_CONVERSION = YES;
				CLANG_WARN_COMMA = YES;
				CLANG_WARN_CONSTANT_CONVERSION = YES;
				CLANG_WARN_DEPRECATED_OBJC_IMPLEMENTATIONS = YES;
				CLANG_WARN_DIRECT_OBJC_ISA_USAGE = YES_ERROR;
				CLANG_WARN_DOCUMENTATION_COMMENTS = YES;
				CLANG_WARN_EMPTY_BODY = YES;
				CLANG_WARN_ENUM_CONVERSION = YES;
				CLANG_WARN_INFINITE_RECURSION = YES;
				CLANG_WARN_INT_CONVERSION = YES;
				CLANG_WARN_NON_LITERAL_NULL_CONVERSION = YES;
				CLANG_WARN_OBJC_IMPLICIT_RETAIN_SELF = YES;
				CLANG_WARN_OBJC_LITERAL_CONVERSION = YES;
				CLANG_WARN_OBJC_ROOT_CLASS = YES_ERROR;
				CLANG_WARN_QUOTED_INCLUDE_IN_FRAMEWORK_HEADER = YES;
				CLANG_WARN_RANGE_LOOP_ANALYSIS = YES;
				CLANG_WARN_STRICT_PROTOTYPES = YES;
				CLANG_WARN_SUSPICIOUS_MOVE = YES;
				CLANG_WARN_UNGUARDED_AVAILABILITY = YES_AGGRESSIVE;
				CLANG_WARN_UNREACHABLE_CODE = YES;
				CLANG_WARN__DUPLICATE_METHOD_MATCH = YES;
				COPY_PHASE_STRIP = NO;
				DEBUG_INFORMATION_FORMAT = dwarf;
				ENABLE_STRICT_OBJC_MSGSEND = YES;
				ENABLE_TESTABILITY = YES;
				ENABLE_USER_SCRIPT_SANDBOXING = YES;
				GCC_C_LANGUAGE_STANDARD = gnu17;
				GCC_DYNAMIC_NO_PIC = NO;
				GCC_NO_COMMON_BLOCKS = YES;
				GCC_OPTIMIZATION_LEVEL = 0;
				GCC_PREPROCESSOR_DEFINITIONS = (
					"DEBUG=1",
					"$(inherited)",
				);
				GCC_WARN_64_TO_32_BIT_CONVERSION = YES;
				GCC_WARN_ABOUT_RETURN_TYPE = YES_ERROR;
				GCC_WARN_UNDECLARED_SELECTOR = YES;
				GCC_WARN_UNINITIALIZED_AUTOS = YES_AGGRESSIVE;
				GCC_WARN_UNUSED_FUNCTION = YES;
				GCC_WARN_UNUSED_VARIABLE = YES;
				IPHONEOS_DEPLOYMENT_TARGET = 17.5;
				LOCALIZATION_PREFERS_STRING_CATALOGS = YES;
				MTL_ENABLE_DEBUG_INFO = INCLUDE_SOURCE;
				MTL_FAST_MATH = YES;
				ONLY_ACTIVE_ARCH = YES;
				SDKROOT = iphoneos;
				SWIFT_ACTIVE_COMPILATION_CONDITIONS = "DEBUG $(inherited)";
				SWIFT_OPTIMIZATION_LEVEL = "-Onone";
			};
			name = Debug;
		};
		8866C6B52C4295A600BAA794 /* Release */ = {
			isa = XCBuildConfiguration;
			buildSettings = {
				ALWAYS_SEARCH_USER_PATHS = NO;
				ASSETCATALOG_COMPILER_GENERATE_SWIFT_ASSET_SYMBOL_EXTENSIONS = YES;
				CLANG_ANALYZER_NONNULL = YES;
				CLANG_ANALYZER_NUMBER_OBJECT_CONVERSION = YES_AGGRESSIVE;
				CLANG_CXX_LANGUAGE_STANDARD = "gnu++20";
				CLANG_ENABLE_MODULES = YES;
				CLANG_ENABLE_OBJC_ARC = YES;
				CLANG_ENABLE_OBJC_WEAK = YES;
				CLANG_WARN_BLOCK_CAPTURE_AUTORELEASING = YES;
				CLANG_WARN_BOOL_CONVERSION = YES;
				CLANG_WARN_COMMA = YES;
				CLANG_WARN_CONSTANT_CONVERSION = YES;
				CLANG_WARN_DEPRECATED_OBJC_IMPLEMENTATIONS = YES;
				CLANG_WARN_DIRECT_OBJC_ISA_USAGE = YES_ERROR;
				CLANG_WARN_DOCUMENTATION_COMMENTS = YES;
				CLANG_WARN_EMPTY_BODY = YES;
				CLANG_WARN_ENUM_CONVERSION = YES;
				CLANG_WARN_INFINITE_RECURSION = YES;
				CLANG_WARN_INT_CONVERSION = YES;
				CLANG_WARN_NON_LITERAL_NULL_CONVERSION = YES;
				CLANG_WARN_OBJC_IMPLICIT_RETAIN_SELF = YES;
				CLANG_WARN_OBJC_LITERAL_CONVERSION = YES;
				CLANG_WARN_OBJC_ROOT_CLASS = YES_ERROR;
				CLANG_WARN_QUOTED_INCLUDE_IN_FRAMEWORK_HEADER = YES;
				CLANG_WARN_RANGE_LOOP_ANALYSIS = YES;
				CLANG_WARN_STRICT_PROTOTYPES = YES;
				CLANG_WARN_SUSPICIOUS_MOVE = YES;
				CLANG_WARN_UNGUARDED_AVAILABILITY = YES_AGGRESSIVE;
				CLANG_WARN_UNREACHABLE_CODE = YES;
				CLANG_WARN__DUPLICATE_METHOD_MATCH = YES;
				COPY_PHASE_STRIP = NO;
				DEBUG_INFORMATION_FORMAT = "dwarf-with-dsym";
				ENABLE_NS_ASSERTIONS = NO;
				ENABLE_STRICT_OBJC_MSGSEND = YES;
				ENABLE_USER_SCRIPT_SANDBOXING = YES;
				GCC_C_LANGUAGE_STANDARD = gnu17;
				GCC_NO_COMMON_BLOCKS = YES;
				GCC_WARN_64_TO_32_BIT_CONVERSION = YES;
				GCC_WARN_ABOUT_RETURN_TYPE = YES_ERROR;
				GCC_WARN_UNDECLARED_SELECTOR = YES;
				GCC_WARN_UNINITIALIZED_AUTOS = YES_AGGRESSIVE;
				GCC_WARN_UNUSED_FUNCTION = YES;
				GCC_WARN_UNUSED_VARIABLE = YES;
				IPHONEOS_DEPLOYMENT_TARGET = 17.5;
				LOCALIZATION_PREFERS_STRING_CATALOGS = YES;
				MTL_ENABLE_DEBUG_INFO = NO;
				MTL_FAST_MATH = YES;
				SDKROOT = iphoneos;
				SWIFT_COMPILATION_MODE = wholemodule;
				VALIDATE_PRODUCT = YES;
			};
			name = Release;
		};
		8866C6B72C4295A600BAA794 /* Debug */ = {
			isa = XCBuildConfiguration;
			buildSettings = {
				ASSETCATALOG_COMPILER_APPICON_NAME = AppIcon;
				ASSETCATALOG_COMPILER_GLOBAL_ACCENT_COLOR_NAME = AccentColor;
				CODE_SIGN_STYLE = Automatic;
				CURRENT_PROJECT_VERSION = 1;
				GENERATE_INFOPLIST_FILE = YES;
				INFOPLIST_FILE = NalSee/Info.plist;
				INFOPLIST_KEY_UIApplicationSupportsIndirectInputEvents = YES;
				INFOPLIST_KEY_UILaunchStoryboardName = LaunchScreen;
				INFOPLIST_KEY_UISupportedInterfaceOrientations = UIInterfaceOrientationPortrait;
				INFOPLIST_KEY_UISupportedInterfaceOrientations_iPad = UIInterfaceOrientationPortrait;
				IPHONEOS_DEPLOYMENT_TARGET = 16.0;
				LD_RUNPATH_SEARCH_PATHS = (
					"$(inherited)",
					"@executable_path/Frameworks",
				);
				MARKETING_VERSION = 1.0;
				PRODUCT_BUNDLE_IDENTIFIER = com.jm.NalSee;
				PRODUCT_NAME = "$(TARGET_NAME)";
				SUPPORTED_PLATFORMS = "iphoneos iphonesimulator";
				SUPPORTS_MACCATALYST = NO;
				SUPPORTS_MAC_DESIGNED_FOR_IPHONE_IPAD = NO;
				SUPPORTS_XR_DESIGNED_FOR_IPHONE_IPAD = NO;
				SWIFT_EMIT_LOC_STRINGS = YES;
				SWIFT_VERSION = 5.0;
				TARGETED_DEVICE_FAMILY = 1;
			};
			name = Debug;
		};
		8866C6B82C4295A600BAA794 /* Release */ = {
			isa = XCBuildConfiguration;
			buildSettings = {
				ASSETCATALOG_COMPILER_APPICON_NAME = AppIcon;
				ASSETCATALOG_COMPILER_GLOBAL_ACCENT_COLOR_NAME = AccentColor;
				CODE_SIGN_STYLE = Automatic;
				CURRENT_PROJECT_VERSION = 1;
				GENERATE_INFOPLIST_FILE = YES;
				INFOPLIST_FILE = NalSee/Info.plist;
				INFOPLIST_KEY_UIApplicationSupportsIndirectInputEvents = YES;
				INFOPLIST_KEY_UILaunchStoryboardName = LaunchScreen;
				INFOPLIST_KEY_UISupportedInterfaceOrientations = UIInterfaceOrientationPortrait;
				INFOPLIST_KEY_UISupportedInterfaceOrientations_iPad = UIInterfaceOrientationPortrait;
				IPHONEOS_DEPLOYMENT_TARGET = 16.0;
				LD_RUNPATH_SEARCH_PATHS = (
					"$(inherited)",
					"@executable_path/Frameworks",
				);
				MARKETING_VERSION = 1.0;
				PRODUCT_BUNDLE_IDENTIFIER = com.jm.NalSee;
				PRODUCT_NAME = "$(TARGET_NAME)";
				SUPPORTED_PLATFORMS = "iphoneos iphonesimulator";
				SUPPORTS_MACCATALYST = NO;
				SUPPORTS_MAC_DESIGNED_FOR_IPHONE_IPAD = NO;
				SUPPORTS_XR_DESIGNED_FOR_IPHONE_IPAD = NO;
				SWIFT_EMIT_LOC_STRINGS = YES;
				SWIFT_VERSION = 5.0;
				TARGETED_DEVICE_FAMILY = 1;
			};
			name = Release;
		};
/* End XCBuildConfiguration section */

/* Begin XCConfigurationList section */
		8866C69D2C4295A500BAA794 /* Build configuration list for PBXProject "NalSee" */ = {
			isa = XCConfigurationList;
			buildConfigurations = (
				8866C6B42C4295A600BAA794 /* Debug */,
				8866C6B52C4295A600BAA794 /* Release */,
			);
			defaultConfigurationIsVisible = 0;
			defaultConfigurationName = Release;
		};
		8866C6B62C4295A600BAA794 /* Build configuration list for PBXNativeTarget "NalSee" */ = {
			isa = XCConfigurationList;
			buildConfigurations = (
				8866C6B72C4295A600BAA794 /* Debug */,
				8866C6B82C4295A600BAA794 /* Release */,
			);
			defaultConfigurationIsVisible = 0;
			defaultConfigurationName = Release;
		};
/* End XCConfigurationList section */

/* Begin XCRemoteSwiftPackageReference section */
		8866C6CA2C429F2500BAA794 /* XCRemoteSwiftPackageReference "Alamofire" */ = {
			isa = XCRemoteSwiftPackageReference;
			repositoryURL = "https://github.com/Alamofire/Alamofire.git";
			requirement = {
				kind = upToNextMajorVersion;
				minimumVersion = 5.9.1;
			};
		};
		8866C6CD2C429F3200BAA794 /* XCRemoteSwiftPackageReference "SnapKit" */ = {
			isa = XCRemoteSwiftPackageReference;
			repositoryURL = "https://github.com/SnapKit/SnapKit.git";
			requirement = {
				kind = upToNextMajorVersion;
				minimumVersion = 5.7.1;
			};
		};
		8866C6E32C42B58F00BAA794 /* XCRemoteSwiftPackageReference "RxSwift" */ = {
			isa = XCRemoteSwiftPackageReference;
			repositoryURL = "https://github.com/ReactiveX/RxSwift.git";
			requirement = {
				kind = upToNextMajorVersion;
				minimumVersion = 6.7.1;
			};
		};
		886F2CFD2C450AA1006E7615 /* XCRemoteSwiftPackageReference "Kingfisher" */ = {
			isa = XCRemoteSwiftPackageReference;
			repositoryURL = "https://github.com/onevcat/Kingfisher";
			requirement = {
				kind = upToNextMajorVersion;
				minimumVersion = 7.12.0;
			};
		};
/* End XCRemoteSwiftPackageReference section */

/* Begin XCSwiftPackageProductDependency section */
		8866C6CB2C429F2500BAA794 /* Alamofire */ = {
			isa = XCSwiftPackageProductDependency;
			package = 8866C6CA2C429F2500BAA794 /* XCRemoteSwiftPackageReference "Alamofire" */;
			productName = Alamofire;
		};
		8866C6CE2C429F3200BAA794 /* SnapKit */ = {
			isa = XCSwiftPackageProductDependency;
			package = 8866C6CD2C429F3200BAA794 /* XCRemoteSwiftPackageReference "SnapKit" */;
			productName = SnapKit;
		};
		8866C6E42C42B58F00BAA794 /* RxCocoa */ = {
			isa = XCSwiftPackageProductDependency;
			package = 8866C6E32C42B58F00BAA794 /* XCRemoteSwiftPackageReference "RxSwift" */;
			productName = RxCocoa;
		};
		886F2CFE2C450AA1006E7615 /* Kingfisher */ = {
			isa = XCSwiftPackageProductDependency;
			package = 886F2CFD2C450AA1006E7615 /* XCRemoteSwiftPackageReference "Kingfisher" */;
			productName = Kingfisher;
		};
/* End XCSwiftPackageProductDependency section */
	};
	rootObject = 8866C69A2C4295A500BAA794 /* Project object */;
}
